
Microsoft Visual Studio Solution File, Format Version 12.00
# Visual Studio Version 17
VisualStudioVersion = 17.14.36811.4 d17.14
MinimumVisualStudioVersion = 10.0.40219.1
Project("{FAE04EC0-301F-11D3-BF4B-00C04F79EFBC}") = "Presentation", "Presentation\Presentation.csproj", "{AE94D51B-AE43-4E57-852D-28EDA3C05D0C}"
EndProject
Global
	GlobalSection(SolutionConfigurationPlatforms) = preSolution
		Debug|Any CPU = Debug|Any CPU
		Release|Any CPU = Release|Any CPU
	EndGlobalSection
	GlobalSection(ProjectConfigurationPlatforms) = postSolution
		{AE94D51B-AE43-4E57-852D-28EDA3C05D0C}.Debug|Any CPU.ActiveCfg = Debug|Any CPU
		{AE94D51B-AE43-4E57-852D-28EDA3C05D0C}.Debug|Any CPU.Build.0 = Debug|Any CPU
		{AE94D51B-AE43-4E57-852D-28EDA3C05D0C}.Release|Any CPU.ActiveCfg = Release|Any CPU
		{AE94D51B-AE43-4E57-852D-28EDA3C05D0C}.Release|Any CPU.Build.0 = Release|Any CPU
	EndGlobalSection
	GlobalSection(SolutionProperties) = preSolution
		HideSolutionNode = FALSE
	EndGlobalSection
	GlobalSection(ExtensibilityGlobals) = postSolution
		SolutionGuid = {BA4A84BF-3103-462B-89EB-7DB08338F257}
	EndGlobalSection
EndGlobal
